// !$*UTF8*$!
{
	archiveVersion = 1;
	classes = {
	};
	objectVersion = 46;
	objects = {

/* Begin PBXBuildFile section */
		AC0B56371E5F1DE800CFA7F4 /* AppDelegate.swift in Sources */ = {isa = PBXBuildFile; fileRef = AC0B56361E5F1DE800CFA7F4 /* AppDelegate.swift */; };
		AC0B56391E5F1DE800CFA7F4 /* ViewController.swift in Sources */ = {isa = PBXBuildFile; fileRef = AC0B56381E5F1DE800CFA7F4 /* ViewController.swift */; };
		AC0B563C1E5F1DE800CFA7F4 /* Main.storyboard in Resources */ = {isa = PBXBuildFile; fileRef = AC0B563A1E5F1DE800CFA7F4 /* Main.storyboard */; };
		AC0B563E1E5F1DE800CFA7F4 /* Assets.xcassets in Resources */ = {isa = PBXBuildFile; fileRef = AC0B563D1E5F1DE800CFA7F4 /* Assets.xcassets */; };
		AC0B56411E5F1DE800CFA7F4 /* LaunchScreen.storyboard in Resources */ = {isa = PBXBuildFile; fileRef = AC0B563F1E5F1DE800CFA7F4 /* LaunchScreen.storyboard */; };
		ACBB88B51E60329C008FF38D /* MPAnimation.m in Sources */ = {isa = PBXBuildFile; fileRef = ACBB88AB1E60329C008FF38D /* MPAnimation.m */; };
		ACBB88B71E60329C008FF38D /* MPFoldTransition.m in Sources */ = {isa = PBXBuildFile; fileRef = ACBB88B11E60329C008FF38D /* MPFoldTransition.m */; };
		ACBB88B81E60329C008FF38D /* MPTransition.m in Sources */ = {isa = PBXBuildFile; fileRef = ACBB88B31E60329C008FF38D /* MPTransition.m */; };
		ACBB88BA1E6032AF008FF38D /* Segues in Resources */ = {isa = PBXBuildFile; fileRef = ACBB88B91E6032AF008FF38D /* Segues */; };
/* End PBXBuildFile section */

/* Begin PBXFileReference section */
		AC0B56331E5F1DE800CFA7F4 /* KefirFoldTransition.app */ = {isa = PBXFileReference; explicitFileType = wrapper.application; includeInIndex = 0; path = KefirFoldTransition.app; sourceTree = BUILT_PRODUCTS_DIR; };
		AC0B56361E5F1DE800CFA7F4 /* AppDelegate.swift */ = {isa = PBXFileReference; lastKnownFileType = sourcecode.swift; path = AppDelegate.swift; sourceTree = "<group>"; };
		AC0B56381E5F1DE800CFA7F4 /* ViewController.swift */ = {isa = PBXFileReference; lastKnownFileType = sourcecode.swift; path = ViewController.swift; sourceTree = "<group>"; };
		AC0B563B1E5F1DE800CFA7F4 /* Base */ = {isa = PBXFileReference; lastKnownFileType = file.storyboard; name = Base; path = Base.lproj/Main.storyboard; sourceTree = "<group>"; };
		AC0B563D1E5F1DE800CFA7F4 /* Assets.xcassets */ = {isa = PBXFileReference; lastKnownFileType = folder.assetcatalog; path = Assets.xcassets; sourceTree = "<group>"; };
		AC0B56401E5F1DE800CFA7F4 /* Base */ = {isa = PBXFileReference; lastKnownFileType = file.storyboard; name = Base; path = Base.lproj/LaunchScreen.storyboard; sourceTree = "<group>"; };
		AC0B56421E5F1DE800CFA7F4 /* Info.plist */ = {isa = PBXFileReference; lastKnownFileType = text.plist.xml; path = Info.plist; sourceTree = "<group>"; };
		ACBB88891E6031A7008FF38D /* HeaderHeader.h */ = {isa = PBXFileReference; lastKnownFileType = sourcecode.c.h; path = HeaderHeader.h; sourceTree = "<group>"; };
		ACBB88AA1E60329C008FF38D /* MPAnimation.h */ = {isa = PBXFileReference; fileEncoding = 4; lastKnownFileType = sourcecode.c.h; path = MPAnimation.h; sourceTree = "<group>"; };
		ACBB88AB1E60329C008FF38D /* MPAnimation.m */ = {isa = PBXFileReference; fileEncoding = 4; lastKnownFileType = sourcecode.c.objc; path = MPAnimation.m; sourceTree = "<group>"; };
		ACBB88AF1E60329C008FF38D /* MPFoldEnumerations.h */ = {isa = PBXFileReference; fileEncoding = 4; lastKnownFileType = sourcecode.c.h; path = MPFoldEnumerations.h; sourceTree = "<group>"; };
		ACBB88B01E60329C008FF38D /* MPFoldTransition.h */ = {isa = PBXFileReference; fileEncoding = 4; lastKnownFileType = sourcecode.c.h; path = MPFoldTransition.h; sourceTree = "<group>"; };
		ACBB88B11E60329C008FF38D /* MPFoldTransition.m */ = {isa = PBXFileReference; fileEncoding = 4; lastKnownFileType = sourcecode.c.objc; path = MPFoldTransition.m; sourceTree = "<group>"; };
		ACBB88B21E60329C008FF38D /* MPTransition.h */ = {isa = PBXFileReference; fileEncoding = 4; lastKnownFileType = sourcecode.c.h; path = MPTransition.h; sourceTree = "<group>"; };
		ACBB88B31E60329C008FF38D /* MPTransition.m */ = {isa = PBXFileReference; fileEncoding = 4; lastKnownFileType = sourcecode.c.objc; path = MPTransition.m; sourceTree = "<group>"; };
		ACBB88B41E60329C008FF38D /* MPTransitionEnumerations.h */ = {isa = PBXFileReference; fileEncoding = 4; lastKnownFileType = sourcecode.c.h; path = MPTransitionEnumerations.h; sourceTree = "<group>"; };
		ACBB88B91E6032AF008FF38D /* Segues */ = {isa = PBXFileReference; lastKnownFileType = folder; path = Segues; sourceTree = "<group>"; };
/* End PBXFileReference section */

/* Begin PBXFrameworksBuildPhase section */
		AC0B56301E5F1DE800CFA7F4 /* Frameworks */ = {
			isa = PBXFrameworksBuildPhase;
			buildActionMask = 2147483647;
			files = (
			);
			runOnlyForDeploymentPostprocessing = 0;
		};
/* End PBXFrameworksBuildPhase section */

/* Begin PBXGroup section */
		AC0B562A1E5F1DE800CFA7F4 = {
			isa = PBXGroup;
			children = (
				ACBB88B91E6032AF008FF38D /* Segues */,
				ACBB88BB1E60354A008FF38D /* MPFold */,
				AC0B56351E5F1DE800CFA7F4 /* KefirFoldTransition */,
				AC0B56341E5F1DE800CFA7F4 /* Products */,
			);
			sourceTree = "<group>";
		};
		AC0B56341E5F1DE800CFA7F4 /* Products */ = {
			isa = PBXGroup;
			children = (
				AC0B56331E5F1DE800CFA7F4 /* KefirFoldTransition.app */,
			);
			name = Products;
			sourceTree = "<group>";
		};
		AC0B56351E5F1DE800CFA7F4 /* KefirFoldTransition */ = {
			isa = PBXGroup;
			children = (
				AC0B56361E5F1DE800CFA7F4 /* AppDelegate.swift */,
				AC0B56381E5F1DE800CFA7F4 /* ViewController.swift */,
				AC0B563A1E5F1DE800CFA7F4 /* Main.storyboard */,
				AC0B563D1E5F1DE800CFA7F4 /* Assets.xcassets */,
				AC0B563F1E5F1DE800CFA7F4 /* LaunchScreen.storyboard */,
				AC0B56421E5F1DE800CFA7F4 /* Info.plist */,
				ACBB88891E6031A7008FF38D /* HeaderHeader.h */,
			);
			path = KefirFoldTransition;
			sourceTree = "<group>";
		};
		ACBB88BB1E60354A008FF38D /* MPFold */ = {
			isa = PBXGroup;
			children = (
				ACBB88AA1E60329C008FF38D /* MPAnimation.h */,
				ACBB88AB1E60329C008FF38D /* MPAnimation.m */,
				ACBB88AF1E60329C008FF38D /* MPFoldEnumerations.h */,
				ACBB88B01E60329C008FF38D /* MPFoldTransition.h */,
				ACBB88B11E60329C008FF38D /* MPFoldTransition.m */,
				ACBB88B21E60329C008FF38D /* MPTransition.h */,
				ACBB88B31E60329C008FF38D /* MPTransition.m */,
				ACBB88B41E60329C008FF38D /* MPTransitionEnumerations.h */,
			);
			name = MPFold;
			sourceTree = "<group>";
		};
/* End PBXGroup section */

/* Begin PBXNativeTarget section */
		AC0B56321E5F1DE800CFA7F4 /* KefirFoldTransition */ = {
			isa = PBXNativeTarget;
			buildConfigurationList = AC0B56451E5F1DE800CFA7F4 /* Build configuration list for PBXNativeTarget "KefirFoldTransition" */;
			buildPhases = (
				AC0B562F1E5F1DE800CFA7F4 /* Sources */,
				AC0B56301E5F1DE800CFA7F4 /* Frameworks */,
				AC0B56311E5F1DE800CFA7F4 /* Resources */,
			);
			buildRules = (
			);
			dependencies = (
			);
			name = KefirFoldTransition;
			productName = KefirFoldTransition;
			productReference = AC0B56331E5F1DE800CFA7F4 /* KefirFoldTransition.app */;
			productType = "com.apple.product-type.application";
		};
/* End PBXNativeTarget section */

/* Begin PBXProject section */
		AC0B562B1E5F1DE800CFA7F4 /* Project object */ = {
			isa = PBXProject;
			attributes = {
				LastSwiftUpdateCheck = 0820;
				LastUpgradeCheck = 0820;
				ORGANIZATIONNAME = ApiqA;
				TargetAttributes = {
					AC0B56321E5F1DE800CFA7F4 = {
						CreatedOnToolsVersion = 8.2.1;
						DevelopmentTeam = ZNLBEN9CLK;
						LastSwiftMigration = 0820;
						ProvisioningStyle = Automatic;
					};
				};
			};
			buildConfigurationList = AC0B562E1E5F1DE800CFA7F4 /* Build configuration list for PBXProject "KefirFoldTransition" */;
			compatibilityVersion = "Xcode 3.2";
			developmentRegion = English;
			hasScannedForEncodings = 0;
			knownRegions = (
				en,
				Base,
			);
			mainGroup = AC0B562A1E5F1DE800CFA7F4;
			productRefGroup = AC0B56341E5F1DE800CFA7F4 /* Products */;
			projectDirPath = "";
			projectRoot = "";
			targets = (
				AC0B56321E5F1DE800CFA7F4 /* KefirFoldTransition */,
			);
		};
/* End PBXProject section */

/* Begin PBXResourcesBuildPhase section */
		AC0B56311E5F1DE800CFA7F4 /* Resources */ = {
			isa = PBXResourcesBuildPhase;
			buildActionMask = 2147483647;
			files = (
				AC0B56411E5F1DE800CFA7F4 /* LaunchScreen.storyboard in Resources */,
				AC0B563E1E5F1DE800CFA7F4 /* Assets.xcassets in Resources */,
				ACBB88BA1E6032AF008FF38D /* Segues in Resources */,
				AC0B563C1E5F1DE800CFA7F4 /* Main.storyboard in Resources */,
			);
			runOnlyForDeploymentPostprocessing = 0;
		};
/* End PBXResourcesBuildPhase section */

/* Begin PBXSourcesBuildPhase section */
		AC0B562F1E5F1DE800CFA7F4 /* Sources */ = {
			isa = PBXSourcesBuildPhase;
			buildActionMask = 2147483647;
			files = (
				ACBB88B81E60329C008FF38D /* MPTransition.m in Sources */,
				ACBB88B71E60329C008FF38D /* MPFoldTransition.m in Sources */,
				AC0B56391E5F1DE800CFA7F4 /* ViewController.swift in Sources */,
				ACBB88B51E60329C008FF38D /* MPAnimation.m in Sources */,
				AC0B56371E5F1DE800CFA7F4 /* AppDelegate.swift in Sources */,
			);
			runOnlyForDeploymentPostprocessing = 0;
		};
/* End PBXSourcesBuildPhase section */

/* Begin PBXVariantGroup section */
		AC0B563A1E5F1DE800CFA7F4 /* Main.storyboard */ = {
			isa = PBXVariantGroup;
			children = (
				AC0B563B1E5F1DE800CFA7F4 /* Base */,
			);
			name = Main.storyboard;
			sourceTree = "<group>";
		};
		AC0B563F1E5F1DE800CFA7F4 /* LaunchScreen.storyboard */ = {
			isa = PBXVariantGroup;
			children = (
				AC0B56401E5F1DE800CFA7F4 /* Base */,
			);
			name = LaunchScreen.storyboard;
			sourceTree = "<group>";
		};
/* End PBXVariantGroup section */

/* Begin XCBuildConfiguration section */
		AC0B56431E5F1DE800CFA7F4 /* Debug */ = {
			isa = XCBuildConfiguration;
			buildSettings = {
				ALWAYS_SEARCH_USER_PATHS = NO;
				CLANG_ANALYZER_NONNULL = YES;
				CLANG_CXX_LANGUAGE_STANDARD = "gnu++0x";
				CLANG_CXX_LIBRARY = "libc++";
				CLANG_ENABLE_MODULES = YES;
				CLANG_ENABLE_OBJC_ARC = YES;
				CLANG_WARN_BOOL_CONVERSION = YES;
				CLANG_WARN_CONSTANT_CONVERSION = YES;
				CLANG_WARN_DIRECT_OBJC_ISA_USAGE = YES_ERROR;
				CLANG_WARN_DOCUMENTATION_COMMENTS = YES;
				CLANG_WARN_EMPTY_BODY = YES;
				CLANG_WARN_ENUM_CONVERSION = YES;
				CLANG_WARN_INFINITE_RECURSION = YES;
				CLANG_WARN_INT_CONVERSION = YES;
				CLANG_WARN_OBJC_ROOT_CLASS = YES_ERROR;
				CLANG_WARN_SUSPICIOUS_MOVE = YES;
				CLANG_WARN_UNREACHABLE_CODE = YES;
				CLANG_WARN__DUPLICATE_METHOD_MATCH = YES;
				"CODE_SIGN_IDENTITY[sdk=iphoneos*]" = "iPhone Developer";
				COPY_PHASE_STRIP = NO;
				DEBUG_INFORMATION_FORMAT = dwarf;
				ENABLE_STRICT_OBJC_MSGSEND = YES;
				ENABLE_TESTABILITY = YES;
				GCC_C_LANGUAGE_STANDARD = gnu99;
				GCC_DYNAMIC_NO_PIC = NO;
				GCC_NO_COMMON_BLOCKS = YES;
				GCC_OPTIMIZATION_LEVEL = 0;
				GCC_PREPROCESSOR_DEFINITIONS = (
					"DEBUG=1",
					"$(inherited)",
				);
				GCC_WARN_64_TO_32_BIT_CONVERSION = YES;
				GCC_WARN_ABOUT_RETURN_TYPE = YES_ERROR;
				GCC_WARN_UNDECLARED_SELECTOR = YES;
				GCC_WARN_UNINITIALIZED_AUTOS = YES_AGGRESSIVE;
				GCC_WARN_UNUSED_FUNCTION = YES;
				GCC_WARN_UNUSED_VARIABLE = YES;
				IPHONEOS_DEPLOYMENT_TARGET = 10.2;
				MTL_ENABLE_DEBUG_INFO = YES;
				ONLY_ACTIVE_ARCH = YES;
				SDKROOT = iphoneos;
				SWIFT_ACTIVE_COMPILATION_CONDITIONS = DEBUG;
				SWIFT_OPTIMIZATION_LEVEL = "-Onone";
				TARGETED_DEVICE_FAMILY = "1,2";
			};
			name = Debug;
		};
		AC0B56441E5F1DE800CFA7F4 /* Release */ = {
			isa = XCBuildConfiguration;
			buildSettings = {
				ALWAYS_SEARCH_USER_PATHS = NO;
				CLANG_ANALYZER_NONNULL = YES;
				CLANG_CXX_LANGUAGE_STANDARD = "gnu++0x";
				CLANG_CXX_LIBRARY = "libc++";
				CLANG_ENABLE_MODULES = YES;
				CLANG_ENABLE_OBJC_ARC = YES;
				CLANG_WARN_BOOL_CONVERSION = YES;
				CLANG_WARN_CONSTANT_CONVERSION = YES;
				CLANG_WARN_DIRECT_OBJC_ISA_USAGE = YES_ERROR;
				CLANG_WARN_DOCUMENTATION_COMMENTS = YES;
				CLANG_WARN_EMPTY_BODY = YES;
				CLANG_WARN_ENUM_CONVERSION = YES;
				CLANG_WARN_INFINITE_RECURSION = YES;
				CLANG_WARN_INT_CONVERSION = YES;
				CLANG_WARN_OBJC_ROOT_CLASS = YES_ERROR;
				CLANG_WARN_SUSPICIOUS_MOVE = YES;
				CLANG_WARN_UNREACHABLE_CODE = YES;
				CLANG_WARN__DUPLICATE_METHOD_MATCH = YES;
				"CODE_SIGN_IDENTITY[sdk=iphoneos*]" = "iPhone Developer";
				COPY_PHASE_STRIP = NO;
				DEBUG_INFORMATION_FORMAT = "dwarf-with-dsym";
				ENABLE_NS_ASSERTIONS = NO;
				ENABLE_STRICT_OBJC_MSGSEND = YES;
				GCC_C_LANGUAGE_STANDARD = gnu99;
				GCC_NO_COMMON_BLOCKS = YES;
				GCC_WARN_64_TO_32_BIT_CONVERSION = YES;
				GCC_WARN_ABOUT_RETURN_TYPE = YES_ERROR;
				GCC_WARN_UNDECLARED_SELECTOR = YES;
				GCC_WARN_UNINITIALIZED_AUTOS = YES_AGGRESSIVE;
				GCC_WARN_UNUSED_FUNCTION = YES;
				GCC_WARN_UNUSED_VARIABLE = YES;
				IPHONEOS_DEPLOYMENT_TARGET = 10.2;
				MTL_ENABLE_DEBUG_INFO = NO;
				SDKROOT = iphoneos;
				SWIFT_OPTIMIZATION_LEVEL = "-Owholemodule";
				TARGETED_DEVICE_FAMILY = "1,2";
				VALIDATE_PRODUCT = YES;
			};
			name = Release;
		};
		AC0B56461E5F1DE800CFA7F4 /* Debug */ = {
			isa = XCBuildConfiguration;
			buildSettings = {
				ASSETCATALOG_COMPILER_APPICON_NAME = AppIcon;
				CLANG_ENABLE_MODULES = YES;
				DEVELOPMENT_TEAM = ZNLBEN9CLK;
				INFOPLIST_FILE = KefirFoldTransition/Info.plist;
				LD_RUNPATH_SEARCH_PATHS = "$(inherited) @executable_path/Frameworks";
				PRODUCT_BUNDLE_IDENTIFIER = KefirFoldTransition;
				PRODUCT_NAME = "$(TARGET_NAME)";
				SWIFT_INSTALL_OBJC_HEADER = YES;
				SWIFT_OBJC_BRIDGING_HEADER = ./KefirFoldTransition/HeaderHeader.h;
				SWIFT_OPTIMIZATION_LEVEL = "-Onone";
				SWIFT_VERSION = 3.0;
			};
			name = Debug;
		};
		AC0B56471E5F1DE800CFA7F4 /* Release */ = {
			isa = XCBuildConfiguration;
			buildSettings = {
				ASSETCATALOG_COMPILER_APPICON_NAME = AppIcon;
				CLANG_ENABLE_MODULES = YES;
				DEVELOPMENT_TEAM = ZNLBEN9CLK;
				INFOPLIST_FILE = KefirFoldTransition/Info.plist;
				LD_RUNPATH_SEARCH_PATHS = "$(inherited) @executable_path/Frameworks";
				PRODUCT_BUNDLE_IDENTIFIER = KefirFoldTransition;
				PRODUCT_NAME = "$(TARGET_NAME)";
				SWIFT_INSTALL_OBJC_HEADER = YES;
				SWIFT_OBJC_BRIDGING_HEADER = ./KefirFoldTransition/HeaderHeader.h;
				SWIFT_VERSION = 3.0;
			};
			name = Release;
		};
/* End XCBuildConfiguration section */

/* Begin XCConfigurationList section */
		AC0B562E1E5F1DE800CFA7F4 /* Build configuration list for PBXProject "KefirFoldTransition" */ = {
			isa = XCConfigurationList;
			buildConfigurations = (
				AC0B56431E5F1DE800CFA7F4 /* Debug */,
				AC0B56441E5F1DE800CFA7F4 /* Release */,
			);
			defaultConfigurationIsVisible = 0;
			defaultConfigurationName = Release;
		};
		AC0B56451E5F1DE800CFA7F4 /* Build configuration list for PBXNativeTarget "KefirFoldTransition" */ = {
			isa = XCConfigurationList;
			buildConfigurations = (
				AC0B56461E5F1DE800CFA7F4 /* Debug */,
				AC0B56471E5F1DE800CFA7F4 /* Release */,
			);
			defaultConfigurationIsVisible = 0;
			defaultConfigurationName = Release;
		};
/* End XCConfigurationList section */
	};
	rootObject = AC0B562B1E5F1DE800CFA7F4 /* Project object */;
}
